
Microsoft Visual Studio Solution File, Format Version 12.00
# Visual Studio Version 17
VisualStudioVersion = 17.3.32825.248
MinimumVisualStudioVersion = 10.0.40219.1
Project("{FAE04EC0-301F-11D3-BF4B-00C04F79EFBC}") = "May15Homework.Web", "May15Homework.Web\May15Homework.Web.csproj", "{52B34113-5D00-4CA9-BC75-6506733FD085}"
EndProject
Project("{FAE04EC0-301F-11D3-BF4B-00C04F79EFBC}") = "May15Homework.Data", "May15Homework.Data\May15Homework.Data.csproj", "{266FFAA2-34EB-40E8-AD1C-0898E1C17C0D}"
EndProject
Global
	GlobalSection(SolutionConfigurationPlatforms) = preSolution
		Debug|Any CPU = Debug|Any CPU
		Release|Any CPU = Release|Any CPU
	EndGlobalSection
	GlobalSection(ProjectConfigurationPlatforms) = postSolution
		{52B34113-5D00-4CA9-BC75-6506733FD085}.Debug|Any CPU.ActiveCfg = Debug|Any CPU
		{52B34113-5D00-4CA9-BC75-6506733FD085}.Debug|Any CPU.Build.0 = Debug|Any CPU
		{52B34113-5D00-4CA9-BC75-6506733FD085}.Release|Any CPU.ActiveCfg = Release|Any CPU
		{52B34113-5D00-4CA9-BC75-6506733FD085}.Release|Any CPU.Build.0 = Release|Any CPU
		{266FFAA2-34EB-40E8-AD1C-0898E1C17C0D}.Debug|Any CPU.ActiveCfg = Debug|Any CPU
		{266FFAA2-34EB-40E8-AD1C-0898E1C17C0D}.Debug|Any CPU.Build.0 = Debug|Any CPU
		{266FFAA2-34EB-40E8-AD1C-0898E1C17C0D}.Release|Any CPU.ActiveCfg = Release|Any CPU
		{266FFAA2-34EB-40E8-AD1C-0898E1C17C0D}.Release|Any CPU.Build.0 = Release|Any CPU
	EndGlobalSection
	GlobalSection(SolutionProperties) = preSolution
		HideSolutionNode = FALSE
	EndGlobalSection
	GlobalSection(ExtensibilityGlobals) = postSolution
		SolutionGuid = {59A154E4-2D68-4D68-9F12-5C6CF6518ECD}
	EndGlobalSection
EndGlobal
